
Microsoft Visual Studio Solution File, Format Version 12.00
# Visual Studio Version 16
VisualStudioVersion = 16.0.31321.278
MinimumVisualStudioVersion = 10.0.40219.1
Project("{9A19103F-16F7-4668-BE54-9A1E7A4F7556}") = "FairPlayDating.Server", "FairPlayDating\Server\FairPlayDating.Server.csproj", "{A6A9682C-5EAE-45ED-94FC-4C8DE96DEA20}"
EndProject
Project("{9A19103F-16F7-4668-BE54-9A1E7A4F7556}") = "FairPlayDating.Client", "FairPlayDating\Client\FairPlayDating.Client.csproj", "{59CED94D-B60B-4A78-BFFD-147060967F91}"
EndProject
Project("{9A19103F-16F7-4668-BE54-9A1E7A4F7556}") = "FairPlayDating.Shared", "FairPlayDating\Shared\FairPlayDating.Shared.csproj", "{7A0BC846-CEAB-4F4D-A934-E71FAD160682}"
EndProject
Project("{FAE04EC0-301F-11D3-BF4B-00C04F79EFBC}") = "FairPlayDating.Common", "FairPlayDating.Common\FairPlayDating.Common.csproj", "{391C10C8-C614-472D-9F27-611EA63E21D2}"
EndProject
Global
	GlobalSection(SolutionConfigurationPlatforms) = preSolution
		Debug|Any CPU = Debug|Any CPU
		Release|Any CPU = Release|Any CPU
	EndGlobalSection
	GlobalSection(ProjectConfigurationPlatforms) = postSolution
		{A6A9682C-5EAE-45ED-94FC-4C8DE96DEA20}.Debug|Any CPU.ActiveCfg = Debug|Any CPU
		{A6A9682C-5EAE-45ED-94FC-4C8DE96DEA20}.Debug|Any CPU.Build.0 = Debug|Any CPU
		{A6A9682C-5EAE-45ED-94FC-4C8DE96DEA20}.Release|Any CPU.ActiveCfg = Release|Any CPU
		{A6A9682C-5EAE-45ED-94FC-4C8DE96DEA20}.Release|Any CPU.Build.0 = Release|Any CPU
		{59CED94D-B60B-4A78-BFFD-147060967F91}.Debug|Any CPU.ActiveCfg = Debug|Any CPU
		{59CED94D-B60B-4A78-BFFD-147060967F91}.Debug|Any CPU.Build.0 = Debug|Any CPU
		{59CED94D-B60B-4A78-BFFD-147060967F91}.Release|Any CPU.ActiveCfg = Release|Any CPU
		{59CED94D-B60B-4A78-BFFD-147060967F91}.Release|Any CPU.Build.0 = Release|Any CPU
		{7A0BC846-CEAB-4F4D-A934-E71FAD160682}.Debug|Any CPU.ActiveCfg = Debug|Any CPU
		{7A0BC846-CEAB-4F4D-A934-E71FAD160682}.Debug|Any CPU.Build.0 = Debug|Any CPU
		{7A0BC846-CEAB-4F4D-A934-E71FAD160682}.Release|Any CPU.ActiveCfg = Release|Any CPU
		{7A0BC846-CEAB-4F4D-A934-E71FAD160682}.Release|Any CPU.Build.0 = Release|Any CPU
		{391C10C8-C614-472D-9F27-611EA63E21D2}.Debug|Any CPU.ActiveCfg = Debug|Any CPU
		{391C10C8-C614-472D-9F27-611EA63E21D2}.Debug|Any CPU.Build.0 = Debug|Any CPU
		{391C10C8-C614-472D-9F27-611EA63E21D2}.Release|Any CPU.ActiveCfg = Release|Any CPU
		{391C10C8-C614-472D-9F27-611EA63E21D2}.Release|Any CPU.Build.0 = Release|Any CPU
	EndGlobalSection
	GlobalSection(SolutionProperties) = preSolution
		HideSolutionNode = FALSE
	EndGlobalSection
	GlobalSection(ExtensibilityGlobals) = postSolution
		SolutionGuid = {DCDD5A95-656F-4C20-9650-CADB5724F4AB}
	EndGlobalSection
EndGlobal
